
Microsoft Visual Studio Solution File, Format Version 12.00
# Visual Studio Version 16
VisualStudioVersion = 16.0.29009.5
MinimumVisualStudioVersion = 10.0.40219.1
Project("{FAE04EC0-301F-11D3-BF4B-00C04F79EFBC}") = "MyFacebook", "MyFacebook\MyFacebook.csproj", "{440E155E-8C4E-423F-A799-E3E385F7360F}"
EndProject
Global
	GlobalSection(SolutionConfigurationPlatforms) = preSolution
		Debug|Any CPU = Debug|Any CPU
		Release|Any CPU = Release|Any CPU
	EndGlobalSection
	GlobalSection(ProjectConfigurationPlatforms) = postSolution
		{440E155E-8C4E-423F-A799-E3E385F7360F}.Debug|Any CPU.ActiveCfg = Debug|Any CPU
		{440E155E-8C4E-423F-A799-E3E385F7360F}.Debug|Any CPU.Build.0 = Debug|Any CPU
		{440E155E-8C4E-423F-A799-E3E385F7360F}.Release|Any CPU.ActiveCfg = Release|Any CPU
		{440E155E-8C4E-423F-A799-E3E385F7360F}.Release|Any CPU.Build.0 = Release|Any CPU
	EndGlobalSection
	GlobalSection(SolutionProperties) = preSolution
		HideSolutionNode = FALSE
	EndGlobalSection
	GlobalSection(ExtensibilityGlobals) = postSolution
		SolutionGuid = {C5C6D100-5C9C-460B-8F70-3AFA6F0F4B1D}
	EndGlobalSection
EndGlobal
